
Microsoft Visual Studio Solution File, Format Version 12.00
Project("{FAE04EC0-301F-11D3-BF4B-00C04F79EFBC}") = "FitForge.API", "FitForge.API\FitForge.API.csproj", "{5BE28185-ED5C-41FD-AB6C-DF8384B663EE}"
EndProject
Global
	GlobalSection(SolutionConfigurationPlatforms) = preSolution
		Debug|Any CPU = Debug|Any CPU
		Release|Any CPU = Release|Any CPU
	EndGlobalSection
	GlobalSection(ProjectConfigurationPlatforms) = postSolution
		{5BE28185-ED5C-41FD-AB6C-DF8384B663EE}.Debug|Any CPU.ActiveCfg = Debug|Any CPU
		{5BE28185-ED5C-41FD-AB6C-DF8384B663EE}.Debug|Any CPU.Build.0 = Debug|Any CPU
		{5BE28185-ED5C-41FD-AB6C-DF8384B663EE}.Release|Any CPU.ActiveCfg = Release|Any CPU
		{5BE28185-ED5C-41FD-AB6C-DF8384B663EE}.Release|Any CPU.Build.0 = Release|Any CPU
	EndGlobalSection
EndGlobal
